
Microsoft Visual Studio Solution File, Format Version 12.00
# Visual Studio Version 17
VisualStudioVersion = 17.14.36511.14 d17.14
MinimumVisualStudioVersion = 10.0.40219.1
Project("{FAE04EC0-301F-11D3-BF4B-00C04F79EFBC}") = "System.Internals", "System.Internals.csproj", "{F7E6C759-46F5-4F51-BBE6-2C386D2144E6}"
EndProject
Global
	GlobalSection(SolutionConfigurationPlatforms) = preSolution
		Debug|Any CPU = Debug|Any CPU
		Release|Any CPU = Release|Any CPU
	EndGlobalSection
	GlobalSection(ProjectConfigurationPlatforms) = postSolution
		{F7E6C759-46F5-4F51-BBE6-2C386D2144E6}.Debug|Any CPU.ActiveCfg = Debug|Any CPU
		{F7E6C759-46F5-4F51-BBE6-2C386D2144E6}.Debug|Any CPU.Build.0 = Debug|Any CPU
		{F7E6C759-46F5-4F51-BBE6-2C386D2144E6}.Release|Any CPU.ActiveCfg = Release|Any CPU
		{F7E6C759-46F5-4F51-BBE6-2C386D2144E6}.Release|Any CPU.Build.0 = Release|Any CPU
	EndGlobalSection
	GlobalSection(SolutionProperties) = preSolution
		HideSolutionNode = FALSE
	EndGlobalSection
	GlobalSection(ExtensibilityGlobals) = postSolution
		SolutionGuid = {0890015B-24A8-49C6-B99F-C47BAEDA3A38}
	EndGlobalSection
EndGlobal
